{
  "version": 4,
  "terraform_version": "1.0.8",
  "serial": 65,
  "lineage": "acfa7cfd-5dfd-a094-329a-d022d5e7ab4a",
  "outputs": {},
  "resources": [
    {
      "mode": "data",
      "type": "alicloud_zones",
      "name": "default",
      "provider": "provider[\"registry.terraform.io/aliyun/alicloud\"]",
      "instances": [
        {
          "schema_version": 0,
          "attributes": {
            "available_disk_category": "cloud_efficiency",
            "available_instance_type": null,
            "available_resource_creation": "VSwitch",
            "available_slb_address_ip_version": null,
            "available_slb_address_type": null,
            "enable_details": false,
            "id": "4238944296",
            "ids": [
              "cn-beijing-a",
              "cn-beijing-b",
              "cn-beijing-c",
              "cn-beijing-d",
              "cn-beijing-e",
              "cn-beijing-f",
              "cn-beijing-g",
              "cn-beijing-h",
              "cn-beijing-i",
              "cn-beijing-j",
              "cn-beijing-k",
              "cn-beijing-l"
            ],
            "instance_charge_type": "PostPaid",
            "multi": false,
            "network_type": null,
            "output_file": null,
            "spot_strategy": "NoSpot",
            "zones": [
              {
                "available_disk_categories": [],
                "available_instance_types": [],
                "available_resource_creation": [],
                "id": "cn-beijing-a",
                "local_name": "",
                "multi_zone_ids": [],
                "slb_slave_zone_ids": []
              },
              {
                "available_disk_categories": [],
                "available_instance_types": [],
                "available_resource_creation": [],
                "id": "cn-beijing-b",
                "local_name": "",
                "multi_zone_ids": [],
                "slb_slave_zone_ids": []
              },
              {
                "available_disk_categories": [],
                "available_instance_types": [],
                "available_resource_creation": [],
                "id": "cn-beijing-c",
                "local_name": "",
                "multi_zone_ids": [],
                "slb_slave_zone_ids": []
              },
              {
                "available_disk_categories": [],
                "available_instance_types": [],
                "available_resource_creation": [],
                "id": "cn-beijing-d",
                "local_name": "",
                "multi_zone_ids": [],
                "slb_slave_zone_ids": []
              },
              {
                "available_disk_categories": [],
                "available_instance_types": [],
                "available_resource_creation": [],
                "id": "cn-beijing-e",
                "local_name": "",
                "multi_zone_ids": [],
                "slb_slave_zone_ids": []
              },
              {
                "available_disk_categories": [],
                "available_instance_types": [],
                "available_resource_creation": [],
                "id": "cn-beijing-f",
                "local_name": "",
                "multi_zone_ids": [],
                "slb_slave_zone_ids": []
              },
              {
                "available_disk_categories": [],
                "available_instance_types": [],
                "available_resource_creation": [],
                "id": "cn-beijing-g",
                "local_name": "",
                "multi_zone_ids": [],
                "slb_slave_zone_ids": []
              },
              {
                "available_disk_categories": [],
                "available_instance_types": [],
                "available_resource_creation": [],
                "id": "cn-beijing-h",
                "local_name": "",
                "multi_zone_ids": [],
                "slb_slave_zone_ids": []
              },
              {
                "available_disk_categories": [],
                "available_instance_types": [],
                "available_resource_creation": [],
                "id": "cn-beijing-i",
                "local_name": "",
                "multi_zone_ids": [],
                "slb_slave_zone_ids": []
              },
              {
                "available_disk_categories": [],
                "available_instance_types": [],
                "available_resource_creation": [],
                "id": "cn-beijing-j",
                "local_name": "",
                "multi_zone_ids": [],
                "slb_slave_zone_ids": []
              },
              {
                "available_disk_categories": [],
                "available_instance_types": [],
                "available_resource_creation": [],
                "id": "cn-beijing-k",
                "local_name": "",
                "multi_zone_ids": [],
                "slb_slave_zone_ids": []
              },
              {
                "available_disk_categories": [],
                "available_instance_types": [],
                "available_resource_creation": [],
                "id": "cn-beijing-l",
                "local_name": "",
                "multi_zone_ids": [],
                "slb_slave_zone_ids": []
              }
            ]
          },
          "sensitive_attributes": []
        }
      ]
    },
    {
      "mode": "managed",
      "type": "alicloud_instance",
      "name": "instance",
      "provider": "provider[\"registry.terraform.io/aliyun/alicloud\"]",
      "instances": [
        {
          "schema_version": 0,
          "attributes": {
            "allocate_public_ip": null,
            "auto_release_time": "",
            "auto_renew_period": null,
            "availability_zone": "cn-beijing-a",
            "credit_specification": "Standard",
            "data_disks": [],
            "deletion_protection": false,
            "deployment_set_group_no": null,
            "deployment_set_id": "",
            "description": "",
            "dry_run": false,
            "force_delete": null,
            "host_name": "iZ2ze64866dfo4zhbwfhtsZ",
            "hpc_cluster_id": "",
            "id": "i-2ze64866dfo4zhbwfhts",
            "image_id": "centos_7_5_x64_20G_alibase_20211130.vhd",
            "include_data_disks": null,
            "instance_charge_type": "PostPaid",
            "instance_name": "lilecong",
            "instance_type": "ecs.t5-lc2m1.nano",
            "internet_charge_type": "PayByTraffic",
            "internet_max_bandwidth_in": 100,
            "internet_max_bandwidth_out": 10,
            "io_optimized": null,
            "is_outdated": null,
            "key_name": "",
            "kms_encrypted_password": null,
            "kms_encryption_context": null,
            "operator_type": null,
            "password": "",
            "period": null,
            "period_unit": null,
            "private_ip": "172.16.0.164",
            "public_ip": "39.96.210.70",
            "renewal_status": null,
            "resource_group_id": "",
            "role_name": null,
            "secondary_private_ip_address_count": 0,
            "secondary_private_ips": [],
            "security_enhancement_strategy": null,
            "security_groups": [
              "sg-2zebsv5vq0kj6jzgjo93"
            ],
            "spot_price_limit": 0,
            "spot_strategy": "NoSpot",
            "status": "Running",
            "stopped_mode": "Not-applicable",
            "subnet_id": "vsw-2zetdukqj28l2ugjy8zcq",
            "system_disk_auto_snapshot_policy_id": "",
            "system_disk_category": "cloud_efficiency",
            "system_disk_description": "test_foo_system_disk_description",
            "system_disk_name": "test_foo_system_disk_name",
            "system_disk_performance_level": "",
            "system_disk_size": 40,
            "tags": null,
            "timeouts": null,
            "user_data": null,
            "volume_tags": {},
            "vswitch_id": "vsw-2zetdukqj28l2ugjy8zcq"
          },
          "sensitive_attributes": [],
          "private": "eyJlMmJmYjczMC1lY2FhLTExZTYtOGY4OC0zNDM2M2JjN2M0YzAiOnsiY3JlYXRlIjo2MDAwMDAwMDAwMDAsImRlbGV0ZSI6MTIwMDAwMDAwMDAwMCwidXBkYXRlIjo2MDAwMDAwMDAwMDB9fQ==",
          "dependencies": [
            "alicloud_security_group.group",
            "alicloud_vpc.vpc",
            "alicloud_vswitch.vswitch",
            "data.alicloud_zones.default"
          ]
        }
      ]
    },
    {
      "mode": "managed",
      "type": "alicloud_security_group",
      "name": "group",
      "provider": "provider[\"registry.terraform.io/aliyun/alicloud\"]",
      "instances": [
        {
          "schema_version": 0,
          "attributes": {
            "description": "foo",
            "id": "sg-2zebsv5vq0kj6jzgjo93",
            "inner_access": true,
            "inner_access_policy": "Accept",
            "name": "lilecong",
            "resource_group_id": "",
            "security_group_type": "normal",
            "tags": null,
            "vpc_id": "vpc-2zeqzvg52iq1y1vipljvm"
          },
          "sensitive_attributes": [],
          "private": "bnVsbA==",
          "dependencies": [
            "alicloud_vpc.vpc"
          ]
        }
      ]
    },
    {
      "mode": "managed",
      "type": "alicloud_vpc",
      "name": "vpc",
      "provider": "provider[\"registry.terraform.io/aliyun/alicloud\"]",
      "instances": [
        {
          "schema_version": 0,
          "attributes": {
            "cidr_block": "172.16.0.0/16",
            "description": "",
            "dry_run": null,
            "enable_ipv6": null,
            "id": "vpc-2zeqzvg52iq1y1vipljvm",
            "ipv6_cidr_block": "",
            "name": "lilecong",
            "resource_group_id": "rg-acfmzdfkirkjfzq",
            "route_table_id": "vtb-2zeqt1dalzvh79pxuqmzo",
            "router_id": "vrt-2zen63l6coekn1lgq0vdv",
            "router_table_id": "vtb-2zeqt1dalzvh79pxuqmzo",
            "secondary_cidr_blocks": null,
            "status": "Available",
            "tags": null,
            "timeouts": null,
            "user_cidrs": null,
            "vpc_name": "lilecong"
          },
          "sensitive_attributes": [],
          "private": "eyJlMmJmYjczMC1lY2FhLTExZTYtOGY4OC0zNDM2M2JjN2M0YzAiOnsiY3JlYXRlIjo2MDAwMDAwMDAwMDAsImRlbGV0ZSI6NjAwMDAwMDAwMDAwfX0="
        }
      ]
    },
    {
      "mode": "managed",
      "type": "alicloud_vswitch",
      "name": "vswitch",
      "provider": "provider[\"registry.terraform.io/aliyun/alicloud\"]",
      "instances": [
        {
          "schema_version": 0,
          "attributes": {
            "availability_zone": "cn-beijing-a",
            "cidr_block": "172.16.0.0/24",
            "description": "",
            "id": "vsw-2zetdukqj28l2ugjy8zcq",
            "name": "lilecong",
            "status": "Available",
            "tags": null,
            "timeouts": null,
            "vpc_id": "vpc-2zeqzvg52iq1y1vipljvm",
            "vswitch_name": "lilecong",
            "zone_id": "cn-beijing-a"
          },
          "sensitive_attributes": [],
          "private": "eyJlMmJmYjczMC1lY2FhLTExZTYtOGY4OC0zNDM2M2JjN2M0YzAiOnsiY3JlYXRlIjo2MDAwMDAwMDAwMDAsImRlbGV0ZSI6NjAwMDAwMDAwMDAwfX0=",
          "dependencies": [
            "alicloud_vpc.vpc",
            "data.alicloud_zones.default"
          ]
        }
      ]
    }
  ]
}
